PODS:
  - Artsy+OSSUIFonts (1.0.0)
  - Artsy+UIColors (1.0.0):
    - EDColor (~> 0.4)
  - Artsy+UILabels (1.2.0):
    - Artsy+UIColors
  - EDColor (0.4.0)
  - Expecta (0.3.1)
  - EXPMatchers+FBSnapshotTest (1.1.0):
    - Expecta
    - FBSnapshotTestCase
  - FBSnapshotTestCase (1.1)
  - Specta (0.2.1)

DEPENDENCIES:
  - Artsy+OSSUIFonts
  - Artsy+UILabels (from `../`)
  - Expecta
  - EXPMatchers+FBSnapshotTest
  - FBSnapshotTestCase
  - Specta

EXTERNAL SOURCES:
  Artsy+UILabels:
    :path: ../

SPEC CHECKSUMS:
  Artsy+OSSUIFonts: 45b406bdb7b79dc23ec8e7eeab58a868a147c067
  Artsy+UIColors: d1d5e084a0e542d310c507acb5446bae6a322241
  Artsy+UILabels: f327cdd339e99fb1a1ff26b9e5caf89545917b8c
  EDColor: bcdb8600b7a456f4408ce1d7e7fc001588919254
  Expecta: 03aabd0a89d8dea843baecb19a7fd7466a69a31d
  EXPMatchers+FBSnapshotTest: 3c48e8a29a445476fe2d72d7da45dfdd765b5f55
  FBSnapshotTestCase: 9053afee1d66b4c7c313fcb0ae582a5e47bea9d0
  Specta: 9141310f46b1f68b676650ff2854e1ed0b74163a

COCOAPODS: 0.33.1
